// !$*UTF8*$!
{
	archiveVersion = 1;
	classes = {
	};
	objectVersion = 77;
	objects = {

/* Begin PBXBuildFile section */
		0DC03FEA9E0ECEC309C88540 /* Sparkle in Frameworks */ = {isa = PBXBuildFile; productRef = 33F71A863AD65BF37AAAB6C6 /* Sparkle */; };
		32E036EEBC49D52EF84A24E9 /* AppExclusionManager.swift in Sources */ = {isa = PBXBuildFile; fileRef = E1122FB65BC206D62DB355AA /* AppExclusionManager.swift */; };
		347C0A8A694FDEB4BF1A74E2 /* bg-dictionary.txt in Resources */ = {isa = PBXBuildFile; fileRef = D44632B8E68385BA16B32986 /* bg-dictionary.txt */; };
		3803168B1B2A05F9E52C559E /* en-dictionary.txt in Resources */ = {isa = PBXBuildFile; fileRef = BBD412EEC07513075222764E /* en-dictionary.txt */; };
		3BAFB95DAAE8114AFD54368D /* AppIcon.icns in Resources */ = {isa = PBXBuildFile; fileRef = 078D9FBAE3CC36389ABED17B /* AppIcon.icns */; };
		45782BF79B9DE568456A78CF /* KeymapManager.swift in Sources */ = {isa = PBXBuildFile; fileRef = 1DCF1358F94DFACA75A6C8D7 /* KeymapManager.swift */; };
		4887F02BC767D1EB670A0796 /* LanguageDetector.swift in Sources */ = {isa = PBXBuildFile; fileRef = DB94C001B13C79D7434A128D /* LanguageDetector.swift */; };
		591998EAC59E6129EFC61790 /* PhoneticMapper.swift in Sources */ = {isa = PBXBuildFile; fileRef = 7C46731DF3E2442C89600C63 /* PhoneticMapper.swift */; };
		6BDA531A24470DFB13B599EE /* Assets.xcassets in Resources */ = {isa = PBXBuildFile; fileRef = A20FB57EB42156A2F1E27966 /* Assets.xcassets */; };
		804C4C1ECC7A380E361A836D /* main.swift in Sources */ = {isa = PBXBuildFile; fileRef = 070B2EE2E7D82277DB78B9E9 /* main.swift */; };
		A4568D9620ABC12D423E9BBC /* UserWordsManager.swift in Sources */ = {isa = PBXBuildFile; fileRef = B9F47F67CAFA631421CF6A24 /* UserWordsManager.swift */; };
		BC24F8302E8D648648E6DF91 /* TextHeuristics.swift in Sources */ = {isa = PBXBuildFile; fileRef = 2D28B3679FDE1D6E547A53C6 /* TextHeuristics.swift */; };
		BD913790EE7BFC5A725A25A1 /* InputController.swift in Sources */ = {isa = PBXBuildFile; fileRef = C1D56C03557BAE5E2AA3504C /* InputController.swift */; };
		C1A64EBA7CD2A1D20892B389 /* TextHeuristicsTests.swift in Sources */ = {isa = PBXBuildFile; fileRef = 4C22E17FFDA0D9A94A98FB63 /* TextHeuristicsTests.swift */; };
		CD983040F79CA803E53C85D8 /* TextHeuristics.swift in Sources */ = {isa = PBXBuildFile; fileRef = 2D28B3679FDE1D6E547A53C6 /* TextHeuristics.swift */; };
		EA185251BA11F29B1F166BC3 /* icon.tiff in Resources */ = {isa = PBXBuildFile; fileRef = 77FE3DA9751D9E457E985245 /* icon.tiff */; };
/* End PBXBuildFile section */

/* Begin PBXFileReference section */
		070B2EE2E7D82277DB78B9E9 /* main.swift */ = {isa = PBXFileReference; lastKnownFileType = sourcecode.swift; path = main.swift; sourceTree = "<group>"; };
		078D9FBAE3CC36389ABED17B /* AppIcon.icns */ = {isa = PBXFileReference; lastKnownFileType = image.icns; path = AppIcon.icns; sourceTree = "<group>"; };
		1DCF1358F94DFACA75A6C8D7 /* KeymapManager.swift */ = {isa = PBXFileReference; lastKnownFileType = sourcecode.swift; path = KeymapManager.swift; sourceTree = "<group>"; };
		2D28B3679FDE1D6E547A53C6 /* TextHeuristics.swift */ = {isa = PBXFileReference; lastKnownFileType = sourcecode.swift; path = TextHeuristics.swift; sourceTree = "<group>"; };
		3C5543EB8AB3E8771D92551F /* LangAutoSwitcher-Bridging-Header.h */ = {isa = PBXFileReference; lastKnownFileType = sourcecode.c.h; path = "LangAutoSwitcher-Bridging-Header.h"; sourceTree = "<group>"; };
		4C22E17FFDA0D9A94A98FB63 /* TextHeuristicsTests.swift */ = {isa = PBXFileReference; lastKnownFileType = sourcecode.swift; path = TextHeuristicsTests.swift; sourceTree = "<group>"; };
		4D480481EA1F2590CADC0198 /* LangAutoSwitcherTests.xctest */ = {isa = PBXFileReference; explicitFileType = wrapper.cfbundle; includeInIndex = 0; path = LangAutoSwitcherTests.xctest; sourceTree = BUILT_PRODUCTS_DIR; };
		77FE3DA9751D9E457E985245 /* icon.tiff */ = {isa = PBXFileReference; lastKnownFileType = image.tiff; path = icon.tiff; sourceTree = "<group>"; };
		7C46731DF3E2442C89600C63 /* PhoneticMapper.swift */ = {isa = PBXFileReference; lastKnownFileType = sourcecode.swift; path = PhoneticMapper.swift; sourceTree = "<group>"; };
		A20FB57EB42156A2F1E27966 /* Assets.xcassets */ = {isa = PBXFileReference; lastKnownFileType = folder.assetcatalog; path = Assets.xcassets; sourceTree = "<group>"; };
		AAB9C7E018C571ED406C2834 /* LangAutoSwitcher.app */ = {isa = PBXFileReference; explicitFileType = wrapper.application; includeInIndex = 0; path = LangAutoSwitcher.app; sourceTree = BUILT_PRODUCTS_DIR; };
		B9F47F67CAFA631421CF6A24 /* UserWordsManager.swift */ = {isa = PBXFileReference; lastKnownFileType = sourcecode.swift; path = UserWordsManager.swift; sourceTree = "<group>"; };
		BBD412EEC07513075222764E /* en-dictionary.txt */ = {isa = PBXFileReference; lastKnownFileType = text; path = "en-dictionary.txt"; sourceTree = "<group>"; };
		C1D56C03557BAE5E2AA3504C /* InputController.swift */ = {isa = PBXFileReference; lastKnownFileType = sourcecode.swift; path = InputController.swift; sourceTree = "<group>"; };
		D44632B8E68385BA16B32986 /* bg-dictionary.txt */ = {isa = PBXFileReference; lastKnownFileType = text; path = "bg-dictionary.txt"; sourceTree = "<group>"; };
		DB94C001B13C79D7434A128D /* LanguageDetector.swift */ = {isa = PBXFileReference; lastKnownFileType = sourcecode.swift; path = LanguageDetector.swift; sourceTree = "<group>"; };
		E1122FB65BC206D62DB355AA /* AppExclusionManager.swift */ = {isa = PBXFileReference; lastKnownFileType = sourcecode.swift; path = AppExclusionManager.swift; sourceTree = "<group>"; };
/* End PBXFileReference section */

/* Begin PBXFrameworksBuildPhase section */
		C0DE4D56B87CFDB1264595A2 /* Frameworks */ = {
			isa = PBXFrameworksBuildPhase;
			buildActionMask = 2147483647;
			files = (
				0DC03FEA9E0ECEC309C88540 /* Sparkle in Frameworks */,
			);
			runOnlyForDeploymentPostprocessing = 0;
		};
/* End PBXFrameworksBuildPhase section */

/* Begin PBXGroup section */
		14B5315A86C20E4B610BDA96 /* Products */ = {
			isa = PBXGroup;
			children = (
				AAB9C7E018C571ED406C2834 /* LangAutoSwitcher.app */,
				4D480481EA1F2590CADC0198 /* LangAutoSwitcherTests.xctest */,
			);
			name = Products;
			sourceTree = "<group>";
		};
		1CE0096E63436D3E17B50E2A /* Resources */ = {
			isa = PBXGroup;
			children = (
				078D9FBAE3CC36389ABED17B /* AppIcon.icns */,
				A20FB57EB42156A2F1E27966 /* Assets.xcassets */,
				D44632B8E68385BA16B32986 /* bg-dictionary.txt */,
				BBD412EEC07513075222764E /* en-dictionary.txt */,
				77FE3DA9751D9E457E985245 /* icon.tiff */,
			);
			name = Resources;
			path = LangAutoSwitcher/Resources;
			sourceTree = "<group>";
		};
		5B92F40F2F7DBFB1FDBDEDAE /* Sources */ = {
			isa = PBXGroup;
			children = (
				E1122FB65BC206D62DB355AA /* AppExclusionManager.swift */,
				C1D56C03557BAE5E2AA3504C /* InputController.swift */,
				1DCF1358F94DFACA75A6C8D7 /* KeymapManager.swift */,
				3C5543EB8AB3E8771D92551F /* LangAutoSwitcher-Bridging-Header.h */,
				DB94C001B13C79D7434A128D /* LanguageDetector.swift */,
				070B2EE2E7D82277DB78B9E9 /* main.swift */,
				7C46731DF3E2442C89600C63 /* PhoneticMapper.swift */,
				2D28B3679FDE1D6E547A53C6 /* TextHeuristics.swift */,
				B9F47F67CAFA631421CF6A24 /* UserWordsManager.swift */,
			);
			name = Sources;
			path = LangAutoSwitcher/Sources;
			sourceTree = "<group>";
		};
		6E89E891E30108429DE74347 = {
			isa = PBXGroup;
			children = (
				BA5750CA356D768CD0186DB6 /* LangAutoSwitcherTests */,
				1CE0096E63436D3E17B50E2A /* Resources */,
				5B92F40F2F7DBFB1FDBDEDAE /* Sources */,
				14B5315A86C20E4B610BDA96 /* Products */,
			);
			sourceTree = "<group>";
		};
		BA5750CA356D768CD0186DB6 /* LangAutoSwitcherTests */ = {
			isa = PBXGroup;
			children = (
				4C22E17FFDA0D9A94A98FB63 /* TextHeuristicsTests.swift */,
			);
			path = LangAutoSwitcherTests;
			sourceTree = "<group>";
		};
/* End PBXGroup section */

/* Begin PBXNativeTarget section */
		1E0079B7453D7686F43A0AD8 /* LangAutoSwitcher */ = {
			isa = PBXNativeTarget;
			buildConfigurationList = 2513166D9CEF3A5398C7038E /* Build configuration list for PBXNativeTarget "LangAutoSwitcher" */;
			buildPhases = (
				3763A7A064F55C2A4C1372E6 /* Build Rust core (langauto-core) */,
				C303DB0100804592647195B6 /* Sources */,
				805DF9F2A30D0D651E97273F /* Resources */,
				C0DE4D56B87CFDB1264595A2 /* Frameworks */,
			);
			buildRules = (
			);
			dependencies = (
			);
			name = LangAutoSwitcher;
			packageProductDependencies = (
				33F71A863AD65BF37AAAB6C6 /* Sparkle */,
			);
			productName = LangAutoSwitcher;
			productReference = AAB9C7E018C571ED406C2834 /* LangAutoSwitcher.app */;
			productType = "com.apple.product-type.application";
		};
		9E108C43417C26433A5466FA /* LangAutoSwitcherTests */ = {
			isa = PBXNativeTarget;
			buildConfigurationList = 06BB03E5E0050A90AEBB409A /* Build configuration list for PBXNativeTarget "LangAutoSwitcherTests" */;
			buildPhases = (
				75E22FAD68EB6AD477E42A09 /* Sources */,
			);
			buildRules = (
			);
			dependencies = (
			);
			name = LangAutoSwitcherTests;
			packageProductDependencies = (
			);
			productName = LangAutoSwitcherTests;
			productReference = 4D480481EA1F2590CADC0198 /* LangAutoSwitcherTests.xctest */;
			productType = "com.apple.product-type.bundle.unit-test";
		};
/* End PBXNativeTarget section */

/* Begin PBXProject section */
		05FBDC90B94874361A69C895 /* Project object */ = {
			isa = PBXProject;
			attributes = {
				BuildIndependentTargetsInParallel = YES;
				LastUpgradeCheck = 1430;
				TargetAttributes = {
					1E0079B7453D7686F43A0AD8 = {
						DevelopmentTeam = "";
					};
					9E108C43417C26433A5466FA = {
						DevelopmentTeam = "";
					};
				};
			};
			buildConfigurationList = F12E633695E59DF745C130BB /* Build configuration list for PBXProject "LangAutoSwitcher" */;
			developmentRegion = en;
			hasScannedForEncodings = 0;
			knownRegions = (
				Base,
				en,
			);
			mainGroup = 6E89E891E30108429DE74347;
			minimizedProjectReferenceProxies = 1;
			packageReferences = (
				082E0E6FFCA161335A63382A /* XCRemoteSwiftPackageReference "Sparkle" */,
			);
			preferredProjectObjectVersion = 77;
			productRefGroup = 14B5315A86C20E4B610BDA96 /* Products */;
			projectDirPath = "";
			projectRoot = "";
			targets = (
				1E0079B7453D7686F43A0AD8 /* LangAutoSwitcher */,
				9E108C43417C26433A5466FA /* LangAutoSwitcherTests */,
			);
		};
/* End PBXProject section */

/* Begin PBXResourcesBuildPhase section */
		805DF9F2A30D0D651E97273F /* Resources */ = {
			isa = PBXResourcesBuildPhase;
			buildActionMask = 2147483647;
			files = (
				3BAFB95DAAE8114AFD54368D /* AppIcon.icns in Resources */,
				6BDA531A24470DFB13B599EE /* Assets.xcassets in Resources */,
				347C0A8A694FDEB4BF1A74E2 /* bg-dictionary.txt in Resources */,
				3803168B1B2A05F9E52C559E /* en-dictionary.txt in Resources */,
				EA185251BA11F29B1F166BC3 /* icon.tiff in Resources */,
			);
			runOnlyForDeploymentPostprocessing = 0;
		};
/* End PBXResourcesBuildPhase section */

/* Begin PBXShellScriptBuildPhase section */
		3763A7A064F55C2A4C1372E6 /* Build Rust core (langauto-core) */ = {
			isa = PBXShellScriptBuildPhase;
			alwaysOutOfDate = 1;
			buildActionMask = 2147483647;
			files = (
			);
			inputFileListPaths = (
			);
			inputPaths = (
			);
			name = "Build Rust core (langauto-core)";
			outputFileListPaths = (
			);
			outputPaths = (
			);
			runOnlyForDeploymentPostprocessing = 0;
			shellPath = /bin/sh;
			shellScript = "\"${SRCROOT}/scripts/build_rust.sh\"";
		};
/* End PBXShellScriptBuildPhase section */

/* Begin PBXSourcesBuildPhase section */
		75E22FAD68EB6AD477E42A09 /* Sources */ = {
			isa = PBXSourcesBuildPhase;
			buildActionMask = 2147483647;
			files = (
				BC24F8302E8D648648E6DF91 /* TextHeuristics.swift in Sources */,
				C1A64EBA7CD2A1D20892B389 /* TextHeuristicsTests.swift in Sources */,
			);
			runOnlyForDeploymentPostprocessing = 0;
		};
		C303DB0100804592647195B6 /* Sources */ = {
			isa = PBXSourcesBuildPhase;
			buildActionMask = 2147483647;
			files = (
				32E036EEBC49D52EF84A24E9 /* AppExclusionManager.swift in Sources */,
				BD913790EE7BFC5A725A25A1 /* InputController.swift in Sources */,
				45782BF79B9DE568456A78CF /* KeymapManager.swift in Sources */,
				4887F02BC767D1EB670A0796 /* LanguageDetector.swift in Sources */,
				591998EAC59E6129EFC61790 /* PhoneticMapper.swift in Sources */,
				CD983040F79CA803E53C85D8 /* TextHeuristics.swift in Sources */,
				A4568D9620ABC12D423E9BBC /* UserWordsManager.swift in Sources */,
				804C4C1ECC7A380E361A836D /* main.swift in Sources */,
			);
			runOnlyForDeploymentPostprocessing = 0;
		};
/* End PBXSourcesBuildPhase section */

/* Begin XCBuildConfiguration section */
		37CA1F96EF0A68C73621FAA4 /* Debug */ = {
			isa = XCBuildConfiguration;
			buildSettings = {
				ALWAYS_SEARCH_USER_PATHS = NO;
				CLANG_ANALYZER_NONNULL = YES;
				CLANG_ANALYZER_NUMBER_OBJECT_CONVERSION = YES_AGGRESSIVE;
				CLANG_CXX_LANGUAGE_STANDARD = "gnu++14";
				CLANG_CXX_LIBRARY = "libc++";
				CLANG_ENABLE_MODULES = YES;
				CLANG_ENABLE_OBJC_ARC = YES;
				CLANG_ENABLE_OBJC_WEAK = YES;
				CLANG_WARN_BLOCK_CAPTURE_AUTORELEASING = YES;
				CLANG_WARN_BOOL_CONVERSION = YES;
				CLANG_WARN_COMMA = YES;
				CLANG_WARN_CONSTANT_CONVERSION = YES;
				CLANG_WARN_DEPRECATED_OBJC_IMPLEMENTATIONS = YES;
				CLANG_WARN_DIRECT_OBJC_ISA_USAGE = YES_ERROR;
				CLANG_WARN_DOCUMENTATION_COMMENTS = YES;
				CLANG_WARN_EMPTY_BODY = YES;
				CLANG_WARN_ENUM_CONVERSION = YES;
				CLANG_WARN_INFINITE_RECURSION = YES;
				CLANG_WARN_INT_CONVERSION = YES;
				CLANG_WARN_NON_LITERAL_NULL_CONVERSION = YES;
				CLANG_WARN_OBJC_IMPLICIT_RETAIN_SELF = YES;
				CLANG_WARN_OBJC_LITERAL_CONVERSION = YES;
				CLANG_WARN_OBJC_ROOT_CLASS = YES_ERROR;
				CLANG_WARN_QUOTED_INCLUDE_IN_FRAMEWORK_HEADER = YES;
				CLANG_WARN_RANGE_LOOP_ANALYSIS = YES;
				CLANG_WARN_STRICT_PROTOTYPES = YES;
				CLANG_WARN_SUSPICIOUS_MOVE = YES;
				CLANG_WARN_UNGUARDED_AVAILABILITY = YES_AGGRESSIVE;
				CLANG_WARN_UNREACHABLE_CODE = YES;
				CLANG_WARN__DUPLICATE_METHOD_MATCH = YES;
				COPY_PHASE_STRIP = NO;
				CURRENT_PROJECT_VERSION = 20805;
				DEBUG_INFORMATION_FORMAT = dwarf;
				DEVELOPMENT_TEAM = "";
				ENABLE_STRICT_OBJC_MSGSEND = YES;
				ENABLE_TESTABILITY = YES;
				GCC_C_LANGUAGE_STANDARD = gnu11;
				GCC_DYNAMIC_NO_PIC = NO;
				GCC_NO_COMMON_BLOCKS = YES;
				GCC_OPTIMIZATION_LEVEL = 0;
				GCC_PREPROCESSOR_DEFINITIONS = (
					"$(inherited)",
					"DEBUG=1",
				);
				GCC_WARN_64_TO_32_BIT_CONVERSION = YES;
				GCC_WARN_ABOUT_RETURN_TYPE = YES_ERROR;
				GCC_WARN_UNDECLARED_SELECTOR = YES;
				GCC_WARN_UNINITIALIZED_AUTOS = YES_AGGRESSIVE;
				GCC_WARN_UNUSED_FUNCTION = YES;
				GCC_WARN_UNUSED_VARIABLE = YES;
				MACOSX_DEPLOYMENT_TARGET = 14.0;
				MARKETING_VERSION = 2.8.5;
				MTL_ENABLE_DEBUG_INFO = INCLUDE_SOURCE;
				MTL_FAST_MATH = YES;
				ONLY_ACTIVE_ARCH = YES;
				PRODUCT_NAME = "$(TARGET_NAME)";
				SDKROOT = macosx;
				SWIFT_ACTIVE_COMPILATION_CONDITIONS = DEBUG;
				SWIFT_OPTIMIZATION_LEVEL = "-Onone";
				SWIFT_VERSION = 5.9;
			};
			name = Debug;
		};
		7AEB4C16DDC74240F8482207 /* Release */ = {
			isa = XCBuildConfiguration;
			buildSettings = {
				BUNDLE_LOADER = "$(TEST_HOST)";
				CODE_SIGN_IDENTITY = "-";
				COMBINE_HIDPI_IMAGES = YES;
				GENERATE_INFOPLIST_FILE = YES;
				LD_RUNPATH_SEARCH_PATHS = (
					"$(inherited)",
					"@executable_path/../Frameworks",
					"@loader_path/../Frameworks",
				);
				PRODUCT_BUNDLE_IDENTIFIER = com.dklaturov.LangAutoSwitcherTests;
				SDKROOT = macosx;
			};
			name = Release;
		};
		8BA632654E8ADD4534FF4D37 /* Release */ = {
			isa = XCBuildConfiguration;
			buildSettings = {
				ASSETCATALOG_COMPILER_APPICON_NAME = AppIcon;
				COMBINE_HIDPI_IMAGES = YES;
				ENABLE_APP_SANDBOX = NO;
				HEADER_SEARCH_PATHS = (
					"$(SRCROOT)/langauto-core/include",
				);
				INFOPLIST_FILE = LangAutoSwitcher/Resources/Info.plist;
				INFOPLIST_KEY_NSMainStoryboardFile = "";
				LD_RUNPATH_SEARCH_PATHS = (
					"$(inherited)",
					"@executable_path/../Frameworks",
				);
				OTHER_LDFLAGS = (
					"-framework",
					InputMethodKit,
					"-L$(SRCROOT)/langauto-core/target/universal/$(CONFIGURATION:lower)",
					"-llangauto_core",
				);
				PRODUCT_BUNDLE_IDENTIFIER = com.dklaturov.inputmethod.LangAutoSwitcher;
				SDKROOT = macosx;
				SWIFT_OBJC_BRIDGING_HEADER = "LangAutoSwitcher/Sources/LangAutoSwitcher-Bridging-Header.h";
			};
			name = Release;
		};
		9902CB0520785F1D2A288C9A /* Debug */ = {
			isa = XCBuildConfiguration;
			buildSettings = {
				BUNDLE_LOADER = "$(TEST_HOST)";
				CODE_SIGN_IDENTITY = "-";
				COMBINE_HIDPI_IMAGES = YES;
				GENERATE_INFOPLIST_FILE = YES;
				LD_RUNPATH_SEARCH_PATHS = (
					"$(inherited)",
					"@executable_path/../Frameworks",
					"@loader_path/../Frameworks",
				);
				PRODUCT_BUNDLE_IDENTIFIER = com.dklaturov.LangAutoSwitcherTests;
				SDKROOT = macosx;
			};
			name = Debug;
		};
		D1DD9ABB052E5D732407490E /* Debug */ = {
			isa = XCBuildConfiguration;
			buildSettings = {
				ASSETCATALOG_COMPILER_APPICON_NAME = AppIcon;
				COMBINE_HIDPI_IMAGES = YES;
				ENABLE_APP_SANDBOX = NO;
				HEADER_SEARCH_PATHS = (
					"$(SRCROOT)/langauto-core/include",
				);
				INFOPLIST_FILE = LangAutoSwitcher/Resources/Info.plist;
				INFOPLIST_KEY_NSMainStoryboardFile = "";
				LD_RUNPATH_SEARCH_PATHS = (
					"$(inherited)",
					"@executable_path/../Frameworks",
				);
				OTHER_LDFLAGS = (
					"-framework",
					InputMethodKit,
					"-L$(SRCROOT)/langauto-core/target/universal/$(CONFIGURATION:lower)",
					"-llangauto_core",
				);
				PRODUCT_BUNDLE_IDENTIFIER = com.dklaturov.inputmethod.LangAutoSwitcher;
				SDKROOT = macosx;
				SWIFT_OBJC_BRIDGING_HEADER = "LangAutoSwitcher/Sources/LangAutoSwitcher-Bridging-Header.h";
			};
			name = Debug;
		};
		E31B24C501E69B8F052E17B0 /* Release */ = {
			isa = XCBuildConfiguration;
			buildSettings = {
				ALWAYS_SEARCH_USER_PATHS = NO;
				CLANG_ANALYZER_NONNULL = YES;
				CLANG_ANALYZER_NUMBER_OBJECT_CONVERSION = YES_AGGRESSIVE;
				CLANG_CXX_LANGUAGE_STANDARD = "gnu++14";
				CLANG_CXX_LIBRARY = "libc++";
				CLANG_ENABLE_MODULES = YES;
				CLANG_ENABLE_OBJC_ARC = YES;
				CLANG_ENABLE_OBJC_WEAK = YES;
				CLANG_WARN_BLOCK_CAPTURE_AUTORELEASING = YES;
				CLANG_WARN_BOOL_CONVERSION = YES;
				CLANG_WARN_COMMA = YES;
				CLANG_WARN_CONSTANT_CONVERSION = YES;
				CLANG_WARN_DEPRECATED_OBJC_IMPLEMENTATIONS = YES;
				CLANG_WARN_DIRECT_OBJC_ISA_USAGE = YES_ERROR;
				CLANG_WARN_DOCUMENTATION_COMMENTS = YES;
				CLANG_WARN_EMPTY_BODY = YES;
				CLANG_WARN_ENUM_CONVERSION = YES;
				CLANG_WARN_INFINITE_RECURSION = YES;
				CLANG_WARN_INT_CONVERSION = YES;
				CLANG_WARN_NON_LITERAL_NULL_CONVERSION = YES;
				CLANG_WARN_OBJC_IMPLICIT_RETAIN_SELF = YES;
				CLANG_WARN_OBJC_LITERAL_CONVERSION = YES;
				CLANG_WARN_OBJC_ROOT_CLASS = YES_ERROR;
				CLANG_WARN_QUOTED_INCLUDE_IN_FRAMEWORK_HEADER = YES;
				CLANG_WARN_RANGE_LOOP_ANALYSIS = YES;
				CLANG_WARN_STRICT_PROTOTYPES = YES;
				CLANG_WARN_SUSPICIOUS_MOVE = YES;
				CLANG_WARN_UNGUARDED_AVAILABILITY = YES_AGGRESSIVE;
				CLANG_WARN_UNREACHABLE_CODE = YES;
				CLANG_WARN__DUPLICATE_METHOD_MATCH = YES;
				COPY_PHASE_STRIP = NO;
				CURRENT_PROJECT_VERSION = 20805;
				DEBUG_INFORMATION_FORMAT = "dwarf-with-dsym";
				DEVELOPMENT_TEAM = "";
				ENABLE_NS_ASSERTIONS = NO;
				ENABLE_STRICT_OBJC_MSGSEND = YES;
				GCC_C_LANGUAGE_STANDARD = gnu11;
				GCC_NO_COMMON_BLOCKS = YES;
				GCC_WARN_64_TO_32_BIT_CONVERSION = YES;
				GCC_WARN_ABOUT_RETURN_TYPE = YES_ERROR;
				GCC_WARN_UNDECLARED_SELECTOR = YES;
				GCC_WARN_UNINITIALIZED_AUTOS = YES_AGGRESSIVE;
				GCC_WARN_UNUSED_FUNCTION = YES;
				GCC_WARN_UNUSED_VARIABLE = YES;
				MACOSX_DEPLOYMENT_TARGET = 14.0;
				MARKETING_VERSION = 2.8.5;
				MTL_ENABLE_DEBUG_INFO = NO;
				MTL_FAST_MATH = YES;
				PRODUCT_NAME = "$(TARGET_NAME)";
				SDKROOT = macosx;
				SWIFT_COMPILATION_MODE = wholemodule;
				SWIFT_OPTIMIZATION_LEVEL = "-O";
				SWIFT_VERSION = 5.9;
			};
			name = Release;
		};
/* End XCBuildConfiguration section */

/* Begin XCConfigurationList section */
		06BB03E5E0050A90AEBB409A /* Build configuration list for PBXNativeTarget "LangAutoSwitcherTests" */ = {
			isa = XCConfigurationList;
			buildConfigurations = (
				9902CB0520785F1D2A288C9A /* Debug */,
				7AEB4C16DDC74240F8482207 /* Release */,
			);
			defaultConfigurationIsVisible = 0;
			defaultConfigurationName = Debug;
		};
		2513166D9CEF3A5398C7038E /* Build configuration list for PBXNativeTarget "LangAutoSwitcher" */ = {
			isa = XCConfigurationList;
			buildConfigurations = (
				D1DD9ABB052E5D732407490E /* Debug */,
				8BA632654E8ADD4534FF4D37 /* Release */,
			);
			defaultConfigurationIsVisible = 0;
			defaultConfigurationName = Debug;
		};
		F12E633695E59DF745C130BB /* Build configuration list for PBXProject "LangAutoSwitcher" */ = {
			isa = XCConfigurationList;
			buildConfigurations = (
				37CA1F96EF0A68C73621FAA4 /* Debug */,
				E31B24C501E69B8F052E17B0 /* Release */,
			);
			defaultConfigurationIsVisible = 0;
			defaultConfigurationName = Debug;
		};
/* End XCConfigurationList section */

/* Begin XCRemoteSwiftPackageReference section */
		082E0E6FFCA161335A63382A /* XCRemoteSwiftPackageReference "Sparkle" */ = {
			isa = XCRemoteSwiftPackageReference;
			repositoryURL = "https://github.com/sparkle-project/Sparkle";
			requirement = {
				kind = upToNextMajorVersion;
				minimumVersion = 2.9.0;
			};
		};
/* End XCRemoteSwiftPackageReference section */

/* Begin XCSwiftPackageProductDependency section */
		33F71A863AD65BF37AAAB6C6 /* Sparkle */ = {
			isa = XCSwiftPackageProductDependency;
			package = 082E0E6FFCA161335A63382A /* XCRemoteSwiftPackageReference "Sparkle" */;
			productName = Sparkle;
		};
/* End XCSwiftPackageProductDependency section */
	};
	rootObject = 05FBDC90B94874361A69C895 /* Project object */;
}
